dependencies:
- name: concourse
  repository: https://raw.githubusercontent.com/concourse/charts/gh-pages/
  version: 1337.0.0
- name: prometheus
  repository: https://kubernetes-charts.storage.googleapis.com/
  version: 7.4.5
- name: grafana
  repository: https://kubernetes-charts.storage.googleapis.com/
  version: 1.18.0
digest: sha256:7a9a45ebcd6c86eeea15a002cac199246e4a811f385b8e126035f76f84e472ff
generated: 2018-12-14T11:25:52.407161-05:00
