dependencies:
- name: concourse
  repository: file:///home/ubuntu/workspace/concourse-chart
  version: 10.1.0
- name: datadog
  repository: https://kubernetes-charts.storage.googleapis.com/
  version: 1.39.5
digest: sha256:ce506c50a88934565fe9307803f75ee6744365258f04aed283dd9e146559cbe3
generated: "2020-05-11T15:04:07.667953-04:00"
