dependencies:
- name: concourse
  repository: https://concourse-charts.storage.googleapis.com/
  version: 9.1.1
- name: datadog
  repository: https://kubernetes-charts.storage.googleapis.com/
  version: 1.39.5
digest: sha256:6644d15119e1f4efac37b0cc51e55f367045c1ebffa02a2a1a8e2f20726eb2c1
generated: "2020-03-09T10:49:13.000369-04:00"
