dependencies:
- name: concourse
  repository: https://concourse-charts.storage.googleapis.com/
  version: 14.1.0
- name: datadog
  repository: https://charts.helm.sh/stable/
  version: 1.39.5
digest: sha256:5758ba620c497f481e44663e5b03657a8d96da9e9a80006361bb0ab870e0c225
generated: "2021-01-05T14:10:33.421716-05:00"
