dependencies:
- name: prometheus
  repository: https://kubernetes-charts.storage.googleapis.com/
  version: 9.7.2
- name: grafana
  repository: https://kubernetes-charts.storage.googleapis.com/
  version: 4.0.4
digest: sha256:943d97ad2570233208583756330d169e9721be37bd3420d984f3694031b9da27
generated: "2020-01-02T15:23:32.812197-05:00"
