dependencies:
- name: prometheus
  repository: https://kubernetes-charts.storage.googleapis.com/
  version: 8.10.3
- name: grafana
  repository: https://kubernetes-charts.storage.googleapis.com/
  version: 3.3.2
digest: sha256:b5d3bce6035a66a873cce23bf0309f89eccc73784ddfe829caef96d76acdc276
generated: 2019-04-25T16:55:47.642313-04:00
