dependencies:
- name: prometheus
  repository: https://kubernetes-charts.storage.googleapis.com/
  version: 8.10.3
- name: grafana
  repository: https://kubernetes-charts.storage.googleapis.com/
  version: 3.3.10
digest: sha256:92944b3f98fdaf43bb63bde7d994d2c79dc58705f4fb2b29ccab7db235ad212e
generated: 2019-05-29T11:31:38.381872-04:00
