dependencies:
- name: jaeger-operator
  repository: https://jaegertracing.github.io/helm-charts
  version: 2.14.1
- name: elasticsearch
  repository: https://helm.elastic.co
  version: 7.6.2
- name: kibana
  repository: https://helm.elastic.co
  version: 7.6.2
digest: sha256:d9ca929acd23a441e042f24172da035f93a19eebc07ddd3b6daf6ea2fa59e432
generated: "2020-04-06T12:18:15.53782-04:00"
